
Microsoft Visual Studio Solution File, Format Version 12.00
# Visual Studio Version 17
VisualStudioVersion = 17.4.33213.308
MinimumVisualStudioVersion = 10.0.40219.1
Project("{FAE04EC0-301F-11D3-BF4B-00C04F79EFBC}") = "Distribution", "Distribution\Distribution.csproj", "{CE590894-0740-49A7-BE93-A2F68E4B3D0D}"
EndProject
Project("{FAE04EC0-301F-11D3-BF4B-00C04F79EFBC}") = "Distribution.Infrasturucture.Build", "Distribution.Infrasturucture.Build\Distribution.Infrasturucture.Build.csproj", "{B33B08BC-81B8-4F3A-9034-E5532895E21E}"
EndProject
Project("{FAE04EC0-301F-11D3-BF4B-00C04F79EFBC}") = "Distribution.Test.Unit", "Distribution.Test.Unit\Distribution.Test.Unit.csproj", "{F192D981-41A9-4782-9761-1A3BD33EE6A4}"
EndProject
Global
	GlobalSection(SolutionConfigurationPlatforms) = preSolution
		Debug|Any CPU = Debug|Any CPU
		Release|Any CPU = Release|Any CPU
	EndGlobalSection
	GlobalSection(ProjectConfigurationPlatforms) = postSolution
		{CE590894-0740-49A7-BE93-A2F68E4B3D0D}.Debug|Any CPU.ActiveCfg = Debug|Any CPU
		{CE590894-0740-49A7-BE93-A2F68E4B3D0D}.Debug|Any CPU.Build.0 = Debug|Any CPU
		{CE590894-0740-49A7-BE93-A2F68E4B3D0D}.Release|Any CPU.ActiveCfg = Release|Any CPU
		{CE590894-0740-49A7-BE93-A2F68E4B3D0D}.Release|Any CPU.Build.0 = Release|Any CPU
		{B33B08BC-81B8-4F3A-9034-E5532895E21E}.Debug|Any CPU.ActiveCfg = Debug|Any CPU
		{B33B08BC-81B8-4F3A-9034-E5532895E21E}.Debug|Any CPU.Build.0 = Debug|Any CPU
		{B33B08BC-81B8-4F3A-9034-E5532895E21E}.Release|Any CPU.ActiveCfg = Release|Any CPU
		{B33B08BC-81B8-4F3A-9034-E5532895E21E}.Release|Any CPU.Build.0 = Release|Any CPU
		{F192D981-41A9-4782-9761-1A3BD33EE6A4}.Debug|Any CPU.ActiveCfg = Debug|Any CPU
		{F192D981-41A9-4782-9761-1A3BD33EE6A4}.Debug|Any CPU.Build.0 = Debug|Any CPU
		{F192D981-41A9-4782-9761-1A3BD33EE6A4}.Release|Any CPU.ActiveCfg = Release|Any CPU
		{F192D981-41A9-4782-9761-1A3BD33EE6A4}.Release|Any CPU.Build.0 = Release|Any CPU
	EndGlobalSection
	GlobalSection(SolutionProperties) = preSolution
		HideSolutionNode = FALSE
	EndGlobalSection
	GlobalSection(ExtensibilityGlobals) = postSolution
		SolutionGuid = {B1319553-41DD-410B-A822-00FC79D2250F}
	EndGlobalSection
EndGlobal
